{
  "lockfileVersion": 1,
  "configVersion": 0,
  "workspaces": {
    "": {
      "name": "tanstack_start_ts",
      "dependencies": {
        "@monaco-editor/react": "^4.7.0",
      },
    },
  },
  "packages": {
    "@monaco-editor/loader": ["@monaco-editor/loader@1.7.0", "https://europe-west1-npm.pkg.dev/lovable-core-prod/sandbox-npm-cache/@monaco-editor/loader/-/loader-1.7.0.tgz", { "dependencies": { "state-local": "^1.0.6" } }, "sha512-gIwR1HrJrrx+vfyOhYmCZ0/JcWqG5kbfG7+d3f/C1LXk2EvzAbHSg3MQ5lO2sMlo9izoAZ04shohfKLVT6crVA=="],

    "@monaco-editor/react": ["@monaco-editor/react@4.7.0", "https://europe-west1-npm.pkg.dev/lovable-core-prod/sandbox-npm-cache/@monaco-editor/react/-/react-4.7.0.tgz", { "dependencies": { "@monaco-editor/loader": "^1.5.0" }, "peerDependencies": { "monaco-editor": ">= 0.25.0 < 1", "react": "^16.8.0 || ^17.0.0 || ^18.0.0 || ^19.0.0", "react-dom": "^16.8.0 || ^17.0.0 || ^18.0.0 || ^19.0.0" } }, "sha512-cyzXQCtO47ydzxpQtCGSQGOC8Gk3ZUeBXFAxD+CWXYFo5OqZyZUonFl0DwUlTyAfRHntBfw2p3w4s9R6oe1eCA=="],

    "@types/trusted-types": ["@types/trusted-types@2.0.7", "https://europe-west1-npm.pkg.dev/lovable-core-prod/sandbox-npm-cache/@types/trusted-types/-/trusted-types-2.0.7.tgz", {}, "sha512-ScaPdn1dQczgbl0QFTeTOmVHFULt394XJgOQNoyVhZ6r2vLnMLJfBPd53SB52T/3G36VI1/g2MZaX0cwDuXsfw=="],

    "dompurify": ["dompurify@3.2.7", "https://europe-west1-npm.pkg.dev/lovable-core-prod/sandbox-npm-cache/dompurify/-/dompurify-3.2.7.tgz", { "optionalDependencies": { "@types/trusted-types": "^2.0.7" } }, "sha512-WhL/YuveyGXJaerVlMYGWhvQswa7myDG17P7Vu65EWC05o8vfeNbvNf4d/BOvH99+ZW+LlQsc1GDKMa1vNK6dw=="],

    "marked": ["marked@14.0.0", "https://europe-west1-npm.pkg.dev/lovable-core-prod/sandbox-npm-cache/marked/-/marked-14.0.0.tgz", { "bin": { "marked": "bin/marked.js" } }, "sha512-uIj4+faQ+MgHgwUW1l2PsPglZLOLOT1uErt06dAPtx2kjteLAkbsd/0FiYg/MGS+i7ZKLb7w2WClxHkzOOuryQ=="],

    "monaco-editor": ["monaco-editor@0.55.1", "https://europe-west1-npm.pkg.dev/lovable-core-prod/sandbox-npm-cache/monaco-editor/-/monaco-editor-0.55.1.tgz", { "dependencies": { "dompurify": "3.2.7", "marked": "14.0.0" } }, "sha512-jz4x+TJNFHwHtwuV9vA9rMujcZRb0CEilTEwG2rRSpe/A7Jdkuj8xPKttCgOh+v/lkHy7HsZ64oj+q3xoAFl9A=="],

    "react": ["react@19.2.5", "https://europe-west1-npm.pkg.dev/lovable-core-prod/sandbox-npm-cache/react/-/react-19.2.5.tgz", {}, ""],

    "react-dom": ["react-dom@19.2.5", "https://europe-west1-npm.pkg.dev/lovable-core-prod/sandbox-npm-cache/react-dom/-/react-dom-19.2.5.tgz", { "dependencies": { "scheduler": "^0.27.0" }, "peerDependencies": { "react": "^19.2.5" } }, ""],

    "scheduler": ["scheduler@0.27.0", "https://europe-west1-npm.pkg.dev/lovable-core-prod/sandbox-npm-cache/scheduler/-/scheduler-0.27.0.tgz", {}, ""],

    "state-local": ["state-local@1.0.7", "https://europe-west1-npm.pkg.dev/lovable-core-prod/sandbox-npm-cache/state-local/-/state-local-1.0.7.tgz", {}, "sha512-HTEHMNieakEnoe33shBYcZ7NX83ACUjCu8c40iOGEZsngj9zRnkqS9j1pqQPXwobB0ZcVTk27REb7COQ0UR59w=="],
  }
}
